
Microsoft Visual Studio Solution File, Format Version 12.00
# Visual Studio 2012
Project("{FAE04EC0-301F-11D3-BF4B-00C04F79EFBC}") = "Orkidea.Porthos.Business", "Orkidea.Porthos.Business\Orkidea.Porthos.Business.csproj", "{41E59D88-1EF7-4874-BDD1-1E4985134C18}"
EndProject
Project("{2150E333-8FDC-42A3-9474-1A3956D46DE8}") = "Business", "Business", "{89B4804D-A0F8-48A5-BD77-4174B89202E6}"
EndProject
Project("{2150E333-8FDC-42A3-9474-1A3956D46DE8}") = "Data", "Data", "{CD0FD5FF-1579-4707-B2DE-09267DB08D02}"
EndProject
Project("{FAE04EC0-301F-11D3-BF4B-00C04F79EFBC}") = "Orkidea.Porthos.DAL", "Orkidea.Porthos.DAL\Orkidea.Porthos.DAL.csproj", "{DC83585C-9612-410C-B053-4505AAC61C2B}"
EndProject
Project("{FAE04EC0-301F-11D3-BF4B-00C04F79EFBC}") = "Orkidea.Porthos.Entities", "Orkidea.Porthos.Entities\Orkidea.Porthos.Entities.csproj", "{AE997F52-FF7B-42B6-A218-921D5A5C38B4}"
EndProject
Project("{FAE04EC0-301F-11D3-BF4B-00C04F79EFBC}") = "Orkidea.Porthos.Utilities", "Orkidea.Porthos.Utilities\Orkidea.Porthos.Utilities.csproj", "{C0414C27-6A9F-466F-9452-4CE8A9FBDEE8}"
EndProject
Project("{FAE04EC0-301F-11D3-BF4B-00C04F79EFBC}") = "Orkidea.Porthos.Security", "Orkidea.Porthos.Security\Orkidea.Porthos.Security.csproj", "{4E462A3D-EA0E-4BD9-9266-9167B2F3C409}"
EndProject
Project("{2150E333-8FDC-42A3-9474-1A3956D46DE8}") = "WebBackEnd", "WebBackEnd", "{B8189D03-75C5-4AF9-8130-26EEAB84609F}"
EndProject
Project("{2150E333-8FDC-42A3-9474-1A3956D46DE8}") = "WebApi", "WebApi", "{F38AC895-C45A-4C60-A08D-A730E35EEC85}"
EndProject
Project("{FAE04EC0-301F-11D3-BF4B-00C04F79EFBC}") = "Orkidea.Porthos.WebApiServices", "Orkidea.Porthos.WebApiServices\Orkidea.Porthos.WebApiServices.csproj", "{4B5E2D39-0799-4BD7-88C0-D2DA6834FCD9}"
EndProject
Project("{2150E333-8FDC-42A3-9474-1A3956D46DE8}") = "WebFrontEnd", "WebFrontEnd", "{7DCDA63E-924F-44AF-87CF-E1A53B2587A8}"
EndProject
Project("{2150E333-8FDC-42A3-9474-1A3956D46DE8}") = "MVC", "MVC", "{6863551F-AD1D-4C1F-A97D-F9CE5EB880EC}"
EndProject
Project("{FAE04EC0-301F-11D3-BF4B-00C04F79EFBC}") = "Orkidea.Porthos.MVCFront", "Orkidea.Porthos.MVCFront\Orkidea.Porthos.MVCFront.csproj", "{DDF42FC2-EEBE-4E14-8CC6-6E5CC22C2EAC}"
EndProject
Global
	GlobalSection(SolutionConfigurationPlatforms) = preSolution
		Debug|Any CPU = Debug|Any CPU
		Release|Any CPU = Release|Any CPU
	EndGlobalSection
	GlobalSection(ProjectConfigurationPlatforms) = postSolution
		{41E59D88-1EF7-4874-BDD1-1E4985134C18}.Debug|Any CPU.ActiveCfg = Debug|Any CPU
		{41E59D88-1EF7-4874-BDD1-1E4985134C18}.Debug|Any CPU.Build.0 = Debug|Any CPU
		{41E59D88-1EF7-4874-BDD1-1E4985134C18}.Release|Any CPU.ActiveCfg = Release|Any CPU
		{41E59D88-1EF7-4874-BDD1-1E4985134C18}.Release|Any CPU.Build.0 = Release|Any CPU
		{DC83585C-9612-410C-B053-4505AAC61C2B}.Debug|Any CPU.ActiveCfg = Debug|Any CPU
		{DC83585C-9612-410C-B053-4505AAC61C2B}.Debug|Any CPU.Build.0 = Debug|Any CPU
		{DC83585C-9612-410C-B053-4505AAC61C2B}.Release|Any CPU.ActiveCfg = Release|Any CPU
		{DC83585C-9612-410C-B053-4505AAC61C2B}.Release|Any CPU.Build.0 = Release|Any CPU
		{AE997F52-FF7B-42B6-A218-921D5A5C38B4}.Debug|Any CPU.ActiveCfg = Debug|Any CPU
		{AE997F52-FF7B-42B6-A218-921D5A5C38B4}.Debug|Any CPU.Build.0 = Debug|Any CPU
		{AE997F52-FF7B-42B6-A218-921D5A5C38B4}.Release|Any CPU.ActiveCfg = Release|Any CPU
		{AE997F52-FF7B-42B6-A218-921D5A5C38B4}.Release|Any CPU.Build.0 = Release|Any CPU
		{C0414C27-6A9F-466F-9452-4CE8A9FBDEE8}.Debug|Any CPU.ActiveCfg = Debug|Any CPU
		{C0414C27-6A9F-466F-9452-4CE8A9FBDEE8}.Debug|Any CPU.Build.0 = Debug|Any CPU
		{C0414C27-6A9F-466F-9452-4CE8A9FBDEE8}.Release|Any CPU.ActiveCfg = Release|Any CPU
		{C0414C27-6A9F-466F-9452-4CE8A9FBDEE8}.Release|Any CPU.Build.0 = Release|Any CPU
		{4E462A3D-EA0E-4BD9-9266-9167B2F3C409}.Debug|Any CPU.ActiveCfg = Debug|Any CPU
		{4E462A3D-EA0E-4BD9-9266-9167B2F3C409}.Debug|Any CPU.Build.0 = Debug|Any CPU
		{4E462A3D-EA0E-4BD9-9266-9167B2F3C409}.Release|Any CPU.ActiveCfg = Release|Any CPU
		{4E462A3D-EA0E-4BD9-9266-9167B2F3C409}.Release|Any CPU.Build.0 = Release|Any CPU
		{4B5E2D39-0799-4BD7-88C0-D2DA6834FCD9}.Debug|Any CPU.ActiveCfg = Debug|Any CPU
		{4B5E2D39-0799-4BD7-88C0-D2DA6834FCD9}.Debug|Any CPU.Build.0 = Debug|Any CPU
		{4B5E2D39-0799-4BD7-88C0-D2DA6834FCD9}.Release|Any CPU.ActiveCfg = Release|Any CPU
		{4B5E2D39-0799-4BD7-88C0-D2DA6834FCD9}.Release|Any CPU.Build.0 = Release|Any CPU
		{DDF42FC2-EEBE-4E14-8CC6-6E5CC22C2EAC}.Debug|Any CPU.ActiveCfg = Debug|Any CPU
		{DDF42FC2-EEBE-4E14-8CC6-6E5CC22C2EAC}.Debug|Any CPU.Build.0 = Debug|Any CPU
		{DDF42FC2-EEBE-4E14-8CC6-6E5CC22C2EAC}.Release|Any CPU.ActiveCfg = Release|Any CPU
		{DDF42FC2-EEBE-4E14-8CC6-6E5CC22C2EAC}.Release|Any CPU.Build.0 = Release|Any CPU
	EndGlobalSection
	GlobalSection(SolutionProperties) = preSolution
		HideSolutionNode = FALSE
	EndGlobalSection
	GlobalSection(NestedProjects) = preSolution
		{41E59D88-1EF7-4874-BDD1-1E4985134C18} = {89B4804D-A0F8-48A5-BD77-4174B89202E6}
		{C0414C27-6A9F-466F-9452-4CE8A9FBDEE8} = {89B4804D-A0F8-48A5-BD77-4174B89202E6}
		{4E462A3D-EA0E-4BD9-9266-9167B2F3C409} = {89B4804D-A0F8-48A5-BD77-4174B89202E6}
		{DC83585C-9612-410C-B053-4505AAC61C2B} = {CD0FD5FF-1579-4707-B2DE-09267DB08D02}
		{AE997F52-FF7B-42B6-A218-921D5A5C38B4} = {CD0FD5FF-1579-4707-B2DE-09267DB08D02}
		{F38AC895-C45A-4C60-A08D-A730E35EEC85} = {B8189D03-75C5-4AF9-8130-26EEAB84609F}
		{4B5E2D39-0799-4BD7-88C0-D2DA6834FCD9} = {F38AC895-C45A-4C60-A08D-A730E35EEC85}
		{6863551F-AD1D-4C1F-A97D-F9CE5EB880EC} = {7DCDA63E-924F-44AF-87CF-E1A53B2587A8}
		{DDF42FC2-EEBE-4E14-8CC6-6E5CC22C2EAC} = {6863551F-AD1D-4C1F-A97D-F9CE5EB880EC}
	EndGlobalSection
EndGlobal
